
Microsoft Visual Studio Solution File, Format Version 12.00
# Visual Studio Version 17
VisualStudioVersion = 17.7.34031.279
MinimumVisualStudioVersion = 10.0.40219.1
Project("{9A19103F-16F7-4668-BE54-9A1E7A4F7556}") = "PruebaNetCore", "PruebaNetCore\PruebaNetCore.csproj", "{01CBD0D7-5476-4BB6-95A7-8F8FA3894BD0}"
EndProject
Project("{FAE04EC0-301F-11D3-BF4B-00C04F79EFBC}") = "PruebaNetCore.Tests", "PruebaNetCore.Tests\PruebaNetCore.Tests.csproj", "{870B96E8-237B-4222-8961-B76781940D3D}"
EndProject
Global
	GlobalSection(SolutionConfigurationPlatforms) = preSolution
		Debug|Any CPU = Debug|Any CPU
		Release|Any CPU = Release|Any CPU
	EndGlobalSection
	GlobalSection(ProjectConfigurationPlatforms) = postSolution
		{01CBD0D7-5476-4BB6-95A7-8F8FA3894BD0}.Debug|Any CPU.ActiveCfg = Debug|Any CPU
		{01CBD0D7-5476-4BB6-95A7-8F8FA3894BD0}.Debug|Any CPU.Build.0 = Debug|Any CPU
		{01CBD0D7-5476-4BB6-95A7-8F8FA3894BD0}.Release|Any CPU.ActiveCfg = Release|Any CPU
		{01CBD0D7-5476-4BB6-95A7-8F8FA3894BD0}.Release|Any CPU.Build.0 = Release|Any CPU
		{870B96E8-237B-4222-8961-B76781940D3D}.Debug|Any CPU.ActiveCfg = Debug|Any CPU
		{870B96E8-237B-4222-8961-B76781940D3D}.Debug|Any CPU.Build.0 = Debug|Any CPU
		{870B96E8-237B-4222-8961-B76781940D3D}.Release|Any CPU.ActiveCfg = Release|Any CPU
		{870B96E8-237B-4222-8961-B76781940D3D}.Release|Any CPU.Build.0 = Release|Any CPU
	EndGlobalSection
	GlobalSection(SolutionProperties) = preSolution
		HideSolutionNode = FALSE
	EndGlobalSection
	GlobalSection(ExtensibilityGlobals) = postSolution
		SolutionGuid = {5B193CE8-09D6-4A6B-9D53-D379E96B8F05}
	EndGlobalSection
EndGlobal
